<?xml version="1.0" encoding="utf-8"?>
<Project ToolsVersion="17.0" xmlns="http://schemas.microsoft.com/developer/msbuild/2003">
  <ItemGroup>
    <ClCompile Include="C:\skolo\izg\izg5\izg5\main.cpp">
      <Filter>Source Files</Filter>
    </ClCompile>
    <ClCompile Include="C:\skolo\izg\izg5\izg5\color.cpp">
      <Filter>Source Files</Filter>
    </ClCompile>
    <ClCompile Include="C:\skolo\izg\izg5\izg5\student.cpp">
      <Filter>Source Files</Filter>
    </ClCompile>
    <ClCompile Include="C:\skolo\izg\izg5\izg5\vector.cpp">
      <Filter>Source Files</Filter>
    </ClCompile>
  </ItemGroup>
  <ItemGroup>
    <ClInclude Include="C:\skolo\izg\izg5\izg5\base.h">
      <Filter>Header Files</Filter>
    </ClInclude>
    <ClInclude Include="C:\skolo\izg\izg5\izg5\color.h">
      <Filter>Header Files</Filter>
    </ClInclude>
    <ClInclude Include="C:\skolo\izg\izg5\izg5\student.h">
      <Filter>Header Files</Filter>
    </ClInclude>
    <ClInclude Include="C:\skolo\izg\izg5\izg5\globals.h">
      <Filter>Header Files</Filter>
    </ClInclude>
    <ClInclude Include="C:\skolo\izg\izg5\izg5\vector.h">
      <Filter>Header Files</Filter>
    </ClInclude>
    <ClInclude Include="C:\skolo\izg\izg5\izg5\main.h">
      <Filter>Header Files</Filter>
    </ClInclude>
  </ItemGroup>
  <ItemGroup>
    <CustomBuild Include="C:\skolo\izg\izg5\izg5\CMakeLists.txt" />
  </ItemGroup>
  <ItemGroup>
    <Filter Include="Header Files">
      <UniqueIdentifier>{F8765C52-8E7D-3D6B-BBD8-1383995D2230}</UniqueIdentifier>
    </Filter>
    <Filter Include="Source Files">
      <UniqueIdentifier>{CE0AAB4E-65D0-37CF-BA7A-92A02D23223B}</UniqueIdentifier>
    </Filter>
  </ItemGroup>
</Project>
